# THIS IS AN AUTOGENERATED FILE. DO NOT EDIT THIS FILE DIRECTLY.
# yarn lockfile v1


"@sendgrid/client@^7.3.0":
  version "7.3.0"
  resolved "https://registry.yarnpkg.com/@sendgrid/client/-/client-7.3.0.tgz#a19c4ec02da304d16ae2480e121083c82a296144"
  integrity sha512-vY5IwcyDrOeeqyp5nQePRP2MC+Q+fTk9dpBt8SbUgYbRy4OVkyoROTxo1syRk0u7h7bIDMctLdRJxw/ETFA6tg==
  dependencies:
    "@sendgrid/helpers" "^7.3.0"
    axios "^0.19.2"

"@sendgrid/helpers@^7.3.0":
  version "7.3.0"
  resolved "https://registry.yarnpkg.com/@sendgrid/helpers/-/helpers-7.3.0.tgz#c04db123b9ac52d1eb2e6c4308ea3c5816155e93"
  integrity sha512-X8AOX7Y0YadnCskdD9Nb4JA6J4BYH/qupz/r4OLBY0rQ6DqF/Fz8c4bHLc5YLA+e8Wyag7pEgjNuJ0tKeV2VvQ==
  dependencies:
    deepmerge "^4.2.2"

"@sendgrid/mail@^7.3.0":
  version "7.3.0"
  resolved "https://registry.yarnpkg.com/@sendgrid/mail/-/mail-7.3.0.tgz#8c68aa2992412b9c03b97059af0bca90f912295a"
  integrity sha512-05k7Xl0/5LCyMLGJwSNPsbNZ0ej6EwSbnRyP6CnCAq3MoVRSi7a7wDDPsxF3Gz7F24DVLp/fCN1DKDaZDQxxdw==
  dependencies:
    "@sendgrid/client" "^7.3.0"
    "@sendgrid/helpers" "^7.3.0"

axios@^0.19.2:
  version "0.19.2"
  resolved "https://registry.yarnpkg.com/axios/-/axios-0.19.2.tgz#3ea36c5d8818d0d5f8a8a97a6d36b86cdc00cb27"
  integrity sha512-fjgm5MvRHLhx+osE2xoekY70AhARk3a6hkN+3Io1jc00jtquGvxYlKlsFUhmUET0V5te6CcZI7lcv2Ym61mjHA==
  dependencies:
    follow-redirects "1.5.10"

debug@=3.1.0:
  version "3.1.0"
  resolved "https://registry.yarnpkg.com/debug/-/debug-3.1.0.tgz#5bb5a0672628b64149566ba16819e61518c67261"
  integrity sha512-OX8XqP7/1a9cqkxYw2yXss15f26NKWBpDXQd0/uK/KPqdQhxbPa994hnzjcE2VqQpDslf55723cKPUOGSmMY3g==
  dependencies:
    ms "2.0.0"

deepmerge@^4.2.2:
  version "4.2.2"
  resolved "https://registry.yarnpkg.com/deepmerge/-/deepmerge-4.2.2.tgz#44d2ea3679b8f4d4ffba33f03d865fc1e7bf4955"
  integrity sha512-FJ3UgI4gIl+PHZm53knsuSFpE+nESMr7M4v9QcgB7S63Kj/6WqMiFQJpBBYz1Pt+66bZpP3Q7Lye0Oo9MPKEdg==

follow-redirects@1.5.10:
  version "1.5.10"
  resolved "https://registry.yarnpkg.com/follow-redirects/-/follow-redirects-1.5.10.tgz#7b7a9f9aea2fdff36786a94ff643ed07f4ff5e2a"
  integrity sha512-0V5l4Cizzvqt5D44aTXbFZz+FtyXV1vrDN6qrelxtfYQKW0KO0W2T/hkE8xvGa/540LkZlkaUjO4ailYTFtHVQ==
  dependencies:
    debug "=3.1.0"

ms@2.0.0:
  version "2.0.0"
  resolved "https://registry.yarnpkg.com/ms/-/ms-2.0.0.tgz#5608aeadfc00be6c2901df5f9861788de0d597c8"
  integrity sha1-VgiurfwAvmwpAd9fmGF4jeDVl8g=
